Microsoft Visual Studio Solution File, Format Version 12.00
# Visual Studio 14
VisualStudioVersion = 14.0.25420.1
MinimumVisualStudioVersion = 10.0.40219.1
Project("{FAE04EC0-301F-11D3-BF4B-00C04F79EFBC}") = "To_Do_ApiCli", "src\To_Do_ApiCli\To_Do_ApiCli.csproj", "{D94FE97B-6982-4C86-8017-490C73427CC7}"
EndProject
Project("{FAE04EC0-301F-11D3-BF4B-00C04F79EFBC}") = "To_Do_ApiCli.Test", "src\To_Do_ApiCli.Test\To_Do_ApiCli.Test.csproj", "{19F1DEBC-DE5E-4517-8062-F000CD499087}"
EndProject
Global
	GlobalSection(SolutionConfigurationPlatforms) = preSolution
		Debug|Any CPU = Debug|Any CPU
		Release|Any CPU = Release|Any CPU
	EndGlobalSection
	GlobalSection(ProjectConfigurationPlatforms) = postSolution
		{D94FE97B-6982-4C86-8017-490C73427CC7}.Debug|Any CPU.ActiveCfg = Debug|Any CPU
		{D94FE97B-6982-4C86-8017-490C73427CC7}.Debug|Any CPU.Build.0 = Debug|Any CPU
		{D94FE97B-6982-4C86-8017-490C73427CC7}.Release|Any CPU.ActiveCfg = Release|Any CPU
		{D94FE97B-6982-4C86-8017-490C73427CC7}.Release|Any CPU.Build.0 = Release|Any CPU
		{19F1DEBC-DE5E-4517-8062-F000CD499087}.Debug|Any CPU.ActiveCfg = Debug|Any CPU
		{19F1DEBC-DE5E-4517-8062-F000CD499087}.Debug|Any CPU.Build.0 = Debug|Any CPU
		{19F1DEBC-DE5E-4517-8062-F000CD499087}.Release|Any CPU.ActiveCfg = Release|Any CPU
		{19F1DEBC-DE5E-4517-8062-F000CD499087}.Release|Any CPU.Build.0 = Release|Any CPU
	EndGlobalSection
	GlobalSection(SolutionProperties) = preSolution
		HideSolutionNode = FALSE
	EndGlobalSection
EndGlobal